// !$*UTF8*$!
{
	archiveVersion = 1;
	classes = {
	};
	objectVersion = 77;
	objects = {

/* Begin PBXBuildFile section */
		523F018E2D81C1F50011A846 /* GoogleService-Info.plist in Resources */ = {isa = PBXBuildFile; fileRef = 523F018D2D81C1F50011A846 /* GoogleService-Info.plist */; };
		523F01922D81C45B0011A846 /* FirebaseCore in Frameworks */ = {isa = PBXBuildFile; productRef = 523F01912D81C45B0011A846 /* FirebaseCore */; };
		523F01942D81C9070011A846 /* Profile.swift in Sources */ = {isa = PBXBuildFile; fileRef = 523F01932D81C9060011A846 /* Profile.swift */; };
		523F01962D81D7F40011A846 /* RoundedButton.swift in Sources */ = {isa = PBXBuildFile; fileRef = 523F01952D81D7F40011A846 /* RoundedButton.swift */; };
		523F019A2D81EEF80011A846 /* TextAuthCustom.swift in Sources */ = {isa = PBXBuildFile; fileRef = 523F01992D81EEF80011A846 /* TextAuthCustom.swift */; };
		523F019C2D81F27E0011A846 /* Resourses.swift in Sources */ = {isa = PBXBuildFile; fileRef = 523F019B2D81F27E0011A846 /* Resourses.swift */; };
		524B70552D831300008C0356 /* RoundedTextField.swift in Sources */ = {isa = PBXBuildFile; fileRef = 524B70542D831300008C0356 /* RoundedTextField.swift */; };
		524B70572D832D39008C0356 /* CustomDropdown.swift in Sources */ = {isa = PBXBuildFile; fileRef = 524B70562D832D39008C0356 /* CustomDropdown.swift */; };
		52CDEAB62D84670B00FD7BDD /* AuthService.swift in Sources */ = {isa = PBXBuildFile; fileRef = 52CDEAB52D84670B00FD7BDD /* AuthService.swift */; };
		52CDEAB82D84676B00FD7BDD /* FirebaseAuth in Frameworks */ = {isa = PBXBuildFile; productRef = 52CDEAB72D84676B00FD7BDD /* FirebaseAuth */; };
		52CDEABA2D846A0E00FD7BDD /* FirestoreService.swift in Sources */ = {isa = PBXBuildFile; fileRef = 52CDEAB92D846A0E00FD7BDD /* FirestoreService.swift */; };
		52CDEABC2D846A6500FD7BDD /* FirebaseFirestore in Frameworks */ = {isa = PBXBuildFile; productRef = 52CDEABB2D846A6500FD7BDD /* FirebaseFirestore */; };
		52FA47512D808AD40024CDC8 /* Color + ext.swift in Sources */ = {isa = PBXBuildFile; fileRef = 52FA47502D808AD40024CDC8 /* Color + ext.swift */; };
		52FA47532D808C450024CDC8 /* Montserrat-Medium.ttf in Resources */ = {isa = PBXBuildFile; fileRef = 52FA47522D808C450024CDC8 /* Montserrat-Medium.ttf */; };
		E24FA4DB2D1AB15300F2C93C /* TFBottomTotalTable.swift in Sources */ = {isa = PBXBuildFile; fileRef = E24FA4DA2D1AB15300F2C93C /* TFBottomTotalTable.swift */; };
		E24FA4E12D1AB8B300F2C93C /* CustomView + Ext.swift in Sources */ = {isa = PBXBuildFile; fileRef = E24FA4E02D1AB8B300F2C93C /* CustomView + Ext.swift */; };
		E24FA4E32D1ABE7900F2C93C /* TxtTableCell.swift in Sources */ = {isa = PBXBuildFile; fileRef = E24FA4E22D1ABE7900F2C93C /* TxtTableCell.swift */; };
		E24FA4E52D1AC02200F2C93C /* FontDishCell.swift in Sources */ = {isa = PBXBuildFile; fileRef = E24FA4E42D1AC02200F2C93C /* FontDishCell.swift */; };
		E2EB16592D14221A00FD4F17 /* Preview Assets.xcassets in Resources */ = {isa = PBXBuildFile; fileRef = E2EB16532D14221A00FD4F17 /* Preview Assets.xcassets */; };
		E2EB165A2D14221A00FD4F17 /* Assets.xcassets in Resources */ = {isa = PBXBuildFile; fileRef = E2EB16552D14221A00FD4F17 /* Assets.xcassets */; };
		E2EB165B2D14221A00FD4F17 /* RouteView.swift in Sources */ = {isa = PBXBuildFile; fileRef = E2EB16562D14221A00FD4F17 /* RouteView.swift */; };
		E2EB165C2D14221A00FD4F17 /* WaiterApp.swift in Sources */ = {isa = PBXBuildFile; fileRef = E2EB16572D14221A00FD4F17 /* WaiterApp.swift */; };
		E2EB16632D1422CF00FD4F17 /* Users.swift in Sources */ = {isa = PBXBuildFile; fileRef = E2EB16622D1422CF00FD4F17 /* Users.swift */; };
		E2EB16652D1422D600FD4F17 /* Dish.swift in Sources */ = {isa = PBXBuildFile; fileRef = E2EB16642D1422D600FD4F17 /* Dish.swift */; };
		E2EB16672D1422DD00FD4F17 /* Table.swift in Sources */ = {isa = PBXBuildFile; fileRef = E2EB16662D1422DD00FD4F17 /* Table.swift */; };
		E2EB16692D14232F00FD4F17 /* AuthView.swift in Sources */ = {isa = PBXBuildFile; fileRef = E2EB16682D14232F00FD4F17 /* AuthView.swift */; };
		E2EB166B2D14233F00FD4F17 /* TableView.swift in Sources */ = {isa = PBXBuildFile; fileRef = E2EB166A2D14233F00FD4F17 /* TableView.swift */; };
		E2EB166D2D14235A00FD4F17 /* TableDetailView.swift in Sources */ = {isa = PBXBuildFile; fileRef = E2EB166C2D14235A00FD4F17 /* TableDetailView.swift */; };
		E2EB166F2D14237E00FD4F17 /* TableCell.swift in Sources */ = {isa = PBXBuildFile; fileRef = E2EB166E2D14237E00FD4F17 /* TableCell.swift */; };
		E2EB16712D14238A00FD4F17 /* DishCell.swift in Sources */ = {isa = PBXBuildFile; fileRef = E2EB16702D14238A00FD4F17 /* DishCell.swift */; };
		E2EB16732D14243F00FD4F17 /* Coordinator.swift in Sources */ = {isa = PBXBuildFile; fileRef = E2EB16722D14243F00FD4F17 /* Coordinator.swift */; };
		E2EB16752D14246100FD4F17 /* AuthViewModel.swift in Sources */ = {isa = PBXBuildFile; fileRef = E2EB16742D14246100FD4F17 /* AuthViewModel.swift */; };
		E2EB167B2D1424BA00FD4F17 /* TableViewModel.swift in Sources */ = {isa = PBXBuildFile; fileRef = E2EB167A2D1424BA00FD4F17 /* TableViewModel.swift */; };
		E2EB167D2D1424D900FD4F17 /* TableDetailViewModel.swift in Sources */ = {isa = PBXBuildFile; fileRef = E2EB167C2D1424D900FD4F17 /* TableDetailViewModel.swift */; };
		E2EB167F2D1424FD00FD4F17 /* TableCellViewModel.swift in Sources */ = {isa = PBXBuildFile; fileRef = E2EB167E2D1424FD00FD4F17 /* TableCellViewModel.swift */; };
		E2EB16812D14251000FD4F17 /* DishCellViewModel.swift in Sources */ = {isa = PBXBuildFile; fileRef = E2EB16802D14251000FD4F17 /* DishCellViewModel.swift */; };
		E2EB16842D14253100FD4F17 /* Error.swift in Sources */ = {isa = PBXBuildFile; fileRef = E2EB16832D14253100FD4F17 /* Error.swift */; };
		E2EB16872D14255000FD4F17 /* Montserrat-Regular.ttf in Resources */ = {isa = PBXBuildFile; fileRef = E2EB16862D14255000FD4F17 /* Montserrat-Regular.ttf */; };
		E2EB16892D14255400FD4F17 /* Montserrat-Bold.ttf in Resources */ = {isa = PBXBuildFile; fileRef = E2EB16882D14255400FD4F17 /* Montserrat-Bold.ttf */; };
		E2F0DCE22D26BE6C00FFEF62 /* Fonts + Ext.swift in Sources */ = {isa = PBXBuildFile; fileRef = E2F0DCE12D26BE6C00FFEF62 /* Fonts + Ext.swift */; };
/* End PBXBuildFile section */

/* Begin PBXFileReference section */
		523F018D2D81C1F50011A846 /* GoogleService-Info.plist */ = {isa = PBXFileReference; lastKnownFileType = text.plist.xml; path = "GoogleService-Info.plist"; sourceTree = "<group>"; };
		523F01932D81C9060011A846 /* Profile.swift */ = {isa = PBXFileReference; lastKnownFileType = sourcecode.swift; path = Profile.swift; sourceTree = "<group>"; };
		523F01952D81D7F40011A846 /* RoundedButton.swift */ = {isa = PBXFileReference; lastKnownFileType = sourcecode.swift; path = RoundedButton.swift; sourceTree = "<group>"; };
		523F01992D81EEF80011A846 /* TextAuthCustom.swift */ = {isa = PBXFileReference; lastKnownFileType = sourcecode.swift; path = TextAuthCustom.swift; sourceTree = "<group>"; };
		523F019B2D81F27E0011A846 /* Resourses.swift */ = {isa = PBXFileReference; lastKnownFileType = sourcecode.swift; path = Resourses.swift; sourceTree = "<group>"; };
		524B70542D831300008C0356 /* RoundedTextField.swift */ = {isa = PBXFileReference; lastKnownFileType = sourcecode.swift; path = RoundedTextField.swift; sourceTree = "<group>"; };
		524B70562D832D39008C0356 /* CustomDropdown.swift */ = {isa = PBXFileReference; lastKnownFileType = sourcecode.swift; path = CustomDropdown.swift; sourceTree = "<group>"; };
		52CDEAB52D84670B00FD7BDD /* AuthService.swift */ = {isa = PBXFileReference; lastKnownFileType = sourcecode.swift; path = AuthService.swift; sourceTree = "<group>"; };
		52CDEAB92D846A0E00FD7BDD /* FirestoreService.swift */ = {isa = PBXFileReference; lastKnownFileType = sourcecode.swift; path = FirestoreService.swift; sourceTree = "<group>"; };
		52FA47502D808AD40024CDC8 /* Color + ext.swift */ = {isa = PBXFileReference; lastKnownFileType = sourcecode.swift; path = "Color + ext.swift"; sourceTree = "<group>"; };
		52FA47522D808C450024CDC8 /* Montserrat-Medium.ttf */ = {isa = PBXFileReference; lastKnownFileType = file; path = "Montserrat-Medium.ttf"; sourceTree = "<group>"; };
		E24FA4D82D1A9B8300F2C93C /* Waiter.app */ = {isa = PBXFileReference; explicitFileType = wrapper.application; includeInIndex = 0; path = Waiter.app; sourceTree = BUILT_PRODUCTS_DIR; };
		E24FA4DA2D1AB15300F2C93C /* TFBottomTotalTable.swift */ = {isa = PBXFileReference; lastKnownFileType = sourcecode.swift; path = TFBottomTotalTable.swift; sourceTree = "<group>"; };
		E24FA4E02D1AB8B300F2C93C /* CustomView + Ext.swift */ = {isa = PBXFileReference; lastKnownFileType = sourcecode.swift; path = "CustomView + Ext.swift"; sourceTree = "<group>"; };
		E24FA4E22D1ABE7900F2C93C /* TxtTableCell.swift */ = {isa = PBXFileReference; lastKnownFileType = sourcecode.swift; path = TxtTableCell.swift; sourceTree = "<group>"; };
		E24FA4E42D1AC02200F2C93C /* FontDishCell.swift */ = {isa = PBXFileReference; lastKnownFileType = sourcecode.swift; path = FontDishCell.swift; sourceTree = "<group>"; };
		E2EB16532D14221A00FD4F17 /* Preview Assets.xcassets */ = {isa = PBXFileReference; lastKnownFileType = folder.assetcatalog; path = "Preview Assets.xcassets"; sourceTree = "<group>"; };
		E2EB16552D14221A00FD4F17 /* Assets.xcassets */ = {isa = PBXFileReference; lastKnownFileType = folder.assetcatalog; path = Assets.xcassets; sourceTree = "<group>"; };
		E2EB16562D14221A00FD4F17 /* RouteView.swift */ = {isa = PBXFileReference; lastKnownFileType = sourcecode.swift; path = RouteView.swift; sourceTree = "<group>"; };
		E2EB16572D14221A00FD4F17 /* WaiterApp.swift */ = {isa = PBXFileReference; lastKnownFileType = sourcecode.swift; path = WaiterApp.swift; sourceTree = "<group>"; };
		E2EB16622D1422CF00FD4F17 /* Users.swift */ = {isa = PBXFileReference; lastKnownFileType = sourcecode.swift; path = Users.swift; sourceTree = "<group>"; };
		E2EB16642D1422D600FD4F17 /* Dish.swift */ = {isa = PBXFileReference; lastKnownFileType = sourcecode.swift; path = Dish.swift; sourceTree = "<group>"; };
		E2EB16662D1422DD00FD4F17 /* Table.swift */ = {isa = PBXFileReference; lastKnownFileType = sourcecode.swift; path = Table.swift; sourceTree = "<group>"; };
		E2EB16682D14232F00FD4F17 /* AuthView.swift */ = {isa = PBXFileReference; lastKnownFileType = sourcecode.swift; path = AuthView.swift; sourceTree = "<group>"; };
		E2EB166A2D14233F00FD4F17 /* TableView.swift */ = {isa = PBXFileReference; lastKnownFileType = sourcecode.swift; path = TableView.swift; sourceTree = "<group>"; };
		E2EB166C2D14235A00FD4F17 /* TableDetailView.swift */ = {isa = PBXFileReference; lastKnownFileType = sourcecode.swift; path = TableDetailView.swift; sourceTree = "<group>"; };
		E2EB166E2D14237E00FD4F17 /* TableCell.swift */ = {isa = PBXFileReference; lastKnownFileType = sourcecode.swift; path = TableCell.swift; sourceTree = "<group>"; };
		E2EB16702D14238A00FD4F17 /* DishCell.swift */ = {isa = PBXFileReference; lastKnownFileType = sourcecode.swift; path = DishCell.swift; sourceTree = "<group>"; };
		E2EB16722D14243F00FD4F17 /* Coordinator.swift */ = {isa = PBXFileReference; lastKnownFileType = sourcecode.swift; path = Coordinator.swift; sourceTree = "<group>"; };
		E2EB16742D14246100FD4F17 /* AuthViewModel.swift */ = {isa = PBXFileReference; lastKnownFileType = sourcecode.swift; path = AuthViewModel.swift; sourceTree = "<group>"; };
		E2EB167A2D1424BA00FD4F17 /* TableViewModel.swift */ = {isa = PBXFileReference; lastKnownFileType = sourcecode.swift; path = TableViewModel.swift; sourceTree = "<group>"; };
		E2EB167C2D1424D900FD4F17 /* TableDetailViewModel.swift */ = {isa = PBXFileReference; lastKnownFileType = sourcecode.swift; path = TableDetailViewModel.swift; sourceTree = "<group>"; };
		E2EB167E2D1424FD00FD4F17 /* TableCellViewModel.swift */ = {isa = PBXFileReference; lastKnownFileType = sourcecode.swift; path = TableCellViewModel.swift; sourceTree = "<group>"; };
		E2EB16802D14251000FD4F17 /* DishCellViewModel.swift */ = {isa = PBXFileReference; lastKnownFileType = sourcecode.swift; path = DishCellViewModel.swift; sourceTree = "<group>"; };
		E2EB16832D14253100FD4F17 /* Error.swift */ = {isa = PBXFileReference; lastKnownFileType = sourcecode.swift; path = Error.swift; sourceTree = "<group>"; };
		E2EB16862D14255000FD4F17 /* Montserrat-Regular.ttf */ = {isa = PBXFileReference; lastKnownFileType = file; path = "Montserrat-Regular.ttf"; sourceTree = "<group>"; };
		E2EB16882D14255400FD4F17 /* Montserrat-Bold.ttf */ = {isa = PBXFileReference; lastKnownFileType = file; path = "Montserrat-Bold.ttf"; sourceTree = "<group>"; };
		E2EB168A2D14265000FD4F17 /* Info.plist */ = {isa = PBXFileReference; lastKnownFileType = text.plist.xml; path = Info.plist; sourceTree = "<group>"; };
		E2F0DCE12D26BE6C00FFEF62 /* Fonts + Ext.swift */ = {isa = PBXFileReference; lastKnownFileType = sourcecode.swift; path = "Fonts + Ext.swift"; sourceTree = "<group>"; };
/* End PBXFileReference section */

/* Begin PBXFrameworksBuildPhase section */
		E2EB163F2D1421AC00FD4F17 /* Frameworks */ = {
			isa = PBXFrameworksBuildPhase;
			buildActionMask = 2147483647;
			files = (
				523F01922D81C45B0011A846 /* FirebaseCore in Frameworks */,
				52CDEAB82D84676B00FD7BDD /* FirebaseAuth in Frameworks */,
				52CDEABC2D846A6500FD7BDD /* FirebaseFirestore in Frameworks */,
			);
			runOnlyForDeploymentPostprocessing = 0;
		};
/* End PBXFrameworksBuildPhase section */

/* Begin PBXGroup section */
		523F01902D81C45B0011A846 /* Frameworks */ = {
			isa = PBXGroup;
			children = (
			);
			name = Frameworks;
			sourceTree = "<group>";
		};
		52CDEAB42D8466E600FD7BDD /* Services */ = {
			isa = PBXGroup;
			children = (
				52CDEAB52D84670B00FD7BDD /* AuthService.swift */,
				52CDEAB92D846A0E00FD7BDD /* FirestoreService.swift */,
			);
			path = Services;
			sourceTree = "<group>";
		};
		E22BFD2F2D155D1B004406E8 /* Support */ = {
			isa = PBXGroup;
			children = (
				523F018D2D81C1F50011A846 /* GoogleService-Info.plist */,
				E2EB168A2D14265000FD4F17 /* Info.plist */,
			);
			path = Support;
			sourceTree = "<group>";
		};
		E24FA4D92D1AB0A300F2C93C /* Extensions */ = {
			isa = PBXGroup;
			children = (
				523F019B2D81F27E0011A846 /* Resourses.swift */,
				E2F0DCE12D26BE6C00FFEF62 /* Fonts + Ext.swift */,
				E24FA4DA2D1AB15300F2C93C /* TFBottomTotalTable.swift */,
				E24FA4E22D1ABE7900F2C93C /* TxtTableCell.swift */,
				E24FA4E42D1AC02200F2C93C /* FontDishCell.swift */,
				52FA47502D808AD40024CDC8 /* Color + ext.swift */,
				E24FA4E62D1AC04800F2C93C /* CustomView */,
			);
			path = Extensions;
			sourceTree = "<group>";
		};
		E24FA4E62D1AC04800F2C93C /* CustomView */ = {
			isa = PBXGroup;
			children = (
				E24FA4E02D1AB8B300F2C93C /* CustomView + Ext.swift */,
			);
			path = CustomView;
			sourceTree = "<group>";
		};
		E2EB16392D1421AC00FD4F17 = {
			isa = PBXGroup;
			children = (
				E2EB16582D14221A00FD4F17 /* Waiter */,
				E24FA4D82D1A9B8300F2C93C /* Waiter.app */,
				523F01902D81C45B0011A846 /* Frameworks */,
			);
			sourceTree = "<group>";
		};
		E2EB16542D14221A00FD4F17 /* Preview Content */ = {
			isa = PBXGroup;
			children = (
				E2EB16532D14221A00FD4F17 /* Preview Assets.xcassets */,
			);
			path = "Preview Content";
			sourceTree = "<group>";
		};
		E2EB16582D14221A00FD4F17 /* Waiter */ = {
			isa = PBXGroup;
			children = (
				E2EB16572D14221A00FD4F17 /* WaiterApp.swift */,
				E24FA4D92D1AB0A300F2C93C /* Extensions */,
				E2EB165E2D14224800FD4F17 /* Model */,
				E2EB165D2D14223300FD4F17 /* View */,
				E2EB165F2D14224E00FD4F17 /* ViewModel */,
				52CDEAB42D8466E600FD7BDD /* Services */,
				E2EB16822D14252100FD4F17 /* Error */,
				E2EB16852D14254200FD4F17 /* Font */,
				E2EB16552D14221A00FD4F17 /* Assets.xcassets */,
				E22BFD2F2D155D1B004406E8 /* Support */,
				E2EB16542D14221A00FD4F17 /* Preview Content */,
			);
			path = Waiter;
			sourceTree = "<group>";
		};
		E2EB165D2D14223300FD4F17 /* View */ = {
			isa = PBXGroup;
			children = (
				E2EB16562D14221A00FD4F17 /* RouteView.swift */,
				E2EB16682D14232F00FD4F17 /* AuthView.swift */,
				E2EB166A2D14233F00FD4F17 /* TableView.swift */,
				E2EB166C2D14235A00FD4F17 /* TableDetailView.swift */,
			);
			path = View;
			sourceTree = "<group>";
		};
		E2EB165E2D14224800FD4F17 /* Model */ = {
			isa = PBXGroup;
			children = (
				E2EB16622D1422CF00FD4F17 /* Users.swift */,
				E2EB16642D1422D600FD4F17 /* Dish.swift */,
				E2EB16662D1422DD00FD4F17 /* Table.swift */,
				523F01932D81C9060011A846 /* Profile.swift */,
			);
			path = Model;
			sourceTree = "<group>";
		};
		E2EB165F2D14224E00FD4F17 /* ViewModel */ = {
			isa = PBXGroup;
			children = (
				E2EB16722D14243F00FD4F17 /* Coordinator.swift */,
				E2EB16742D14246100FD4F17 /* AuthViewModel.swift */,
				E2EB167A2D1424BA00FD4F17 /* TableViewModel.swift */,
				E2EB167C2D1424D900FD4F17 /* TableDetailViewModel.swift */,
				E2EB16602D14227500FD4F17 /* UIComponents */,
			);
			path = ViewModel;
			sourceTree = "<group>";
		};
		E2EB16602D14227500FD4F17 /* UIComponents */ = {
			isa = PBXGroup;
			children = (
				E2EB166E2D14237E00FD4F17 /* TableCell.swift */,
				E2EB16702D14238A00FD4F17 /* DishCell.swift */,
				E2EB167E2D1424FD00FD4F17 /* TableCellViewModel.swift */,
				E2EB16802D14251000FD4F17 /* DishCellViewModel.swift */,
				523F01992D81EEF80011A846 /* TextAuthCustom.swift */,
				523F01952D81D7F40011A846 /* RoundedButton.swift */,
				524B70542D831300008C0356 /* RoundedTextField.swift */,
				524B70562D832D39008C0356 /* CustomDropdown.swift */,
			);
			path = UIComponents;
			sourceTree = "<group>";
		};
		E2EB16822D14252100FD4F17 /* Error */ = {
			isa = PBXGroup;
			children = (
				E2EB16832D14253100FD4F17 /* Error.swift */,
			);
			path = Error;
			sourceTree = "<group>";
		};
		E2EB16852D14254200FD4F17 /* Font */ = {
			isa = PBXGroup;
			children = (
				E2EB16862D14255000FD4F17 /* Montserrat-Regular.ttf */,
				E2EB16882D14255400FD4F17 /* Montserrat-Bold.ttf */,
				52FA47522D808C450024CDC8 /* Montserrat-Medium.ttf */,
			);
			path = Font;
			sourceTree = "<group>";
		};
/* End PBXGroup section */

/* Begin PBXNativeTarget section */
		E2EB16412D1421AC00FD4F17 /* Waiter */ = {
			isa = PBXNativeTarget;
			buildConfigurationList = E2EB16502D1421AD00FD4F17 /* Build configuration list for PBXNativeTarget "Waiter" */;
			buildPhases = (
				E2EB163E2D1421AC00FD4F17 /* Sources */,
				E2EB163F2D1421AC00FD4F17 /* Frameworks */,
				E2EB16402D1421AC00FD4F17 /* Resources */,
			);
			buildRules = (
			);
			dependencies = (
			);
			name = Waiter;
			packageProductDependencies = (
				523F01912D81C45B0011A846 /* FirebaseCore */,
				52CDEAB72D84676B00FD7BDD /* FirebaseAuth */,
				52CDEABB2D846A6500FD7BDD /* FirebaseFirestore */,
			);
			productName = Waiter;
			productReference = E24FA4D82D1A9B8300F2C93C /* Waiter.app */;
			productType = "com.apple.product-type.application";
		};
/* End PBXNativeTarget section */

/* Begin PBXProject section */
		E2EB163A2D1421AC00FD4F17 /* Project object */ = {
			isa = PBXProject;
			attributes = {
				BuildIndependentTargetsInParallel = 1;
				LastSwiftUpdateCheck = 1600;
				LastUpgradeCheck = 1600;
				TargetAttributes = {
					E2EB16412D1421AC00FD4F17 = {
						CreatedOnToolsVersion = 16.0;
					};
				};
			};
			buildConfigurationList = E2EB163D2D1421AC00FD4F17 /* Build configuration list for PBXProject "Waiter" */;
			developmentRegion = en;
			hasScannedForEncodings = 0;
			knownRegions = (
				en,
				Base,
			);
			mainGroup = E2EB16392D1421AC00FD4F17;
			minimizedProjectReferenceProxies = 1;
			packageReferences = (
				523F018F2D81C2F80011A846 /* XCRemoteSwiftPackageReference "firebase-ios-sdk" */,
			);
			preferredProjectObjectVersion = 77;
			productRefGroup = E2EB16392D1421AC00FD4F17;
			projectDirPath = "";
			projectRoot = "";
			targets = (
				E2EB16412D1421AC00FD4F17 /* Waiter */,
			);
		};
/* End PBXProject section */

/* Begin PBXResourcesBuildPhase section */
		E2EB16402D1421AC00FD4F17 /* Resources */ = {
			isa = PBXResourcesBuildPhase;
			buildActionMask = 2147483647;
			files = (
				E2EB16892D14255400FD4F17 /* Montserrat-Bold.ttf in Resources */,
				E2EB16872D14255000FD4F17 /* Montserrat-Regular.ttf in Resources */,
				E2EB16592D14221A00FD4F17 /* Preview Assets.xcassets in Resources */,
				52FA47532D808C450024CDC8 /* Montserrat-Medium.ttf in Resources */,
				E2EB165A2D14221A00FD4F17 /* Assets.xcassets in Resources */,
				523F018E2D81C1F50011A846 /* GoogleService-Info.plist in Resources */,
			);
			runOnlyForDeploymentPostprocessing = 0;
		};
/* End PBXResourcesBuildPhase section */

/* Begin PBXSourcesBuildPhase section */
		E2EB163E2D1421AC00FD4F17 /* Sources */ = {
			isa = PBXSourcesBuildPhase;
			buildActionMask = 2147483647;
			files = (
				E2EB166F2D14237E00FD4F17 /* TableCell.swift in Sources */,
				E2EB165B2D14221A00FD4F17 /* RouteView.swift in Sources */,
				523F01942D81C9070011A846 /* Profile.swift in Sources */,
				E2EB16672D1422DD00FD4F17 /* Table.swift in Sources */,
				523F019A2D81EEF80011A846 /* TextAuthCustom.swift in Sources */,
				E24FA4E52D1AC02200F2C93C /* FontDishCell.swift in Sources */,
				524B70572D832D39008C0356 /* CustomDropdown.swift in Sources */,
				E2EB16692D14232F00FD4F17 /* AuthView.swift in Sources */,
				E2EB166B2D14233F00FD4F17 /* TableView.swift in Sources */,
				E2EB16652D1422D600FD4F17 /* Dish.swift in Sources */,
				E2EB16812D14251000FD4F17 /* DishCellViewModel.swift in Sources */,
				E2F0DCE22D26BE6C00FFEF62 /* Fonts + Ext.swift in Sources */,
				52CDEABA2D846A0E00FD7BDD /* FirestoreService.swift in Sources */,
				E24FA4DB2D1AB15300F2C93C /* TFBottomTotalTable.swift in Sources */,
				E2EB16732D14243F00FD4F17 /* Coordinator.swift in Sources */,
				524B70552D831300008C0356 /* RoundedTextField.swift in Sources */,
				523F01962D81D7F40011A846 /* RoundedButton.swift in Sources */,
				E2EB167F2D1424FD00FD4F17 /* TableCellViewModel.swift in Sources */,
				E24FA4E32D1ABE7900F2C93C /* TxtTableCell.swift in Sources */,
				E2EB16842D14253100FD4F17 /* Error.swift in Sources */,
				E2EB165C2D14221A00FD4F17 /* WaiterApp.swift in Sources */,
				E2EB167D2D1424D900FD4F17 /* TableDetailViewModel.swift in Sources */,
				E2EB16752D14246100FD4F17 /* AuthViewModel.swift in Sources */,
				E2EB16712D14238A00FD4F17 /* DishCell.swift in Sources */,
				E24FA4E12D1AB8B300F2C93C /* CustomView + Ext.swift in Sources */,
				E2EB166D2D14235A00FD4F17 /* TableDetailView.swift in Sources */,
				E2EB167B2D1424BA00FD4F17 /* TableViewModel.swift in Sources */,
				523F019C2D81F27E0011A846 /* Resourses.swift in Sources */,
				52CDEAB62D84670B00FD7BDD /* AuthService.swift in Sources */,
				E2EB16632D1422CF00FD4F17 /* Users.swift in Sources */,
				52FA47512D808AD40024CDC8 /* Color + ext.swift in Sources */,
			);
			runOnlyForDeploymentPostprocessing = 0;
		};
/* End PBXSourcesBuildPhase section */

/* Begin XCBuildConfiguration section */
		E2EB164E2D1421AD00FD4F17 /* Debug */ = {
			isa = XCBuildConfiguration;
			buildSettings = {
				ALWAYS_SEARCH_USER_PATHS = NO;
				ASSETCATALOG_COMPILER_GENERATE_SWIFT_ASSET_SYMBOL_EXTENSIONS = YES;
				CLANG_ANALYZER_NONNULL = YES;
				CLANG_ANALYZER_NUMBER_OBJECT_CONVERSION = YES_AGGRESSIVE;
				CLANG_CXX_LANGUAGE_STANDARD = "gnu++20";
				CLANG_ENABLE_MODULES = YES;
				CLANG_ENABLE_OBJC_ARC = YES;
				CLANG_ENABLE_OBJC_WEAK = YES;
				CLANG_WARN_BLOCK_CAPTURE_AUTORELEASING = YES;
				CLANG_WARN_BOOL_CONVERSION = YES;
				CLANG_WARN_COMMA = YES;
				CLANG_WARN_CONSTANT_CONVERSION = YES;
				CLANG_WARN_DEPRECATED_OBJC_IMPLEMENTATIONS = YES;
				CLANG_WARN_DIRECT_OBJC_ISA_USAGE = YES_ERROR;
				CLANG_WARN_DOCUMENTATION_COMMENTS = YES;
				CLANG_WARN_EMPTY_BODY = YES;
				CLANG_WARN_ENUM_CONVERSION = YES;
				CLANG_WARN_INFINITE_RECURSION = YES;
				CLANG_WARN_INT_CONVERSION = YES;
				CLANG_WARN_NON_LITERAL_NULL_CONVERSION = YES;
				CLANG_WARN_OBJC_IMPLICIT_RETAIN_SELF = YES;
				CLANG_WARN_OBJC_LITERAL_CONVERSION = YES;
				CLANG_WARN_OBJC_ROOT_CLASS = YES_ERROR;
				CLANG_WARN_QUOTED_INCLUDE_IN_FRAMEWORK_HEADER = YES;
				CLANG_WARN_RANGE_LOOP_ANALYSIS = YES;
				CLANG_WARN_STRICT_PROTOTYPES = YES;
				CLANG_WARN_SUSPICIOUS_MOVE = YES;
				CLANG_WARN_UNGUARDED_AVAILABILITY = YES_AGGRESSIVE;
				CLANG_WARN_UNREACHABLE_CODE = YES;
				CLANG_WARN__DUPLICATE_METHOD_MATCH = YES;
				COPY_PHASE_STRIP = NO;
				DEBUG_INFORMATION_FORMAT = dwarf;
				ENABLE_STRICT_OBJC_MSGSEND = YES;
				ENABLE_TESTABILITY = YES;
				ENABLE_USER_SCRIPT_SANDBOXING = YES;
				GCC_C_LANGUAGE_STANDARD = gnu17;
				GCC_DYNAMIC_NO_PIC = NO;
				GCC_NO_COMMON_BLOCKS = YES;
				GCC_OPTIMIZATION_LEVEL = 0;
				GCC_PREPROCESSOR_DEFINITIONS = (
					"DEBUG=1",
					"$(inherited)",
				);
				GCC_WARN_64_TO_32_BIT_CONVERSION = YES;
				GCC_WARN_ABOUT_RETURN_TYPE = YES_ERROR;
				GCC_WARN_UNDECLARED_SELECTOR = YES;
				GCC_WARN_UNINITIALIZED_AUTOS = YES_AGGRESSIVE;
				GCC_WARN_UNUSED_FUNCTION = YES;
				GCC_WARN_UNUSED_VARIABLE = YES;
				IPHONEOS_DEPLOYMENT_TARGET = 18.0;
				LOCALIZATION_PREFERS_STRING_CATALOGS = YES;
				MTL_ENABLE_DEBUG_INFO = INCLUDE_SOURCE;
				MTL_FAST_MATH = YES;
				ONLY_ACTIVE_ARCH = YES;
				SDKROOT = iphoneos;
				SWIFT_ACTIVE_COMPILATION_CONDITIONS = "DEBUG $(inherited)";
				SWIFT_OPTIMIZATION_LEVEL = "-Onone";
			};
			name = Debug;
		};
		E2EB164F2D1421AD00FD4F17 /* Release */ = {
			isa = XCBuildConfiguration;
			buildSettings = {
				ALWAYS_SEARCH_USER_PATHS = NO;
				ASSETCATALOG_COMPILER_GENERATE_SWIFT_ASSET_SYMBOL_EXTENSIONS = YES;
				CLANG_ANALYZER_NONNULL = YES;
				CLANG_ANALYZER_NUMBER_OBJECT_CONVERSION = YES_AGGRESSIVE;
				CLANG_CXX_LANGUAGE_STANDARD = "gnu++20";
				CLANG_ENABLE_MODULES = YES;
				CLANG_ENABLE_OBJC_ARC = YES;
				CLANG_ENABLE_OBJC_WEAK = YES;
				CLANG_WARN_BLOCK_CAPTURE_AUTORELEASING = YES;
				CLANG_WARN_BOOL_CONVERSION = YES;
				CLANG_WARN_COMMA = YES;
				CLANG_WARN_CONSTANT_CONVERSION = YES;
				CLANG_WARN_DEPRECATED_OBJC_IMPLEMENTATIONS = YES;
				CLANG_WARN_DIRECT_OBJC_ISA_USAGE = YES_ERROR;
				CLANG_WARN_DOCUMENTATION_COMMENTS = YES;
				CLANG_WARN_EMPTY_BODY = YES;
				CLANG_WARN_ENUM_CONVERSION = YES;
				CLANG_WARN_INFINITE_RECURSION = YES;
				CLANG_WARN_INT_CONVERSION = YES;
				CLANG_WARN_NON_LITERAL_NULL_CONVERSION = YES;
				CLANG_WARN_OBJC_IMPLICIT_RETAIN_SELF = YES;
				CLANG_WARN_OBJC_LITERAL_CONVERSION = YES;
				CLANG_WARN_OBJC_ROOT_CLASS = YES_ERROR;
				CLANG_WARN_QUOTED_INCLUDE_IN_FRAMEWORK_HEADER = YES;
				CLANG_WARN_RANGE_LOOP_ANALYSIS = YES;
				CLANG_WARN_STRICT_PROTOTYPES = YES;
				CLANG_WARN_SUSPICIOUS_MOVE = YES;
				CLANG_WARN_UNGUARDED_AVAILABILITY = YES_AGGRESSIVE;
				CLANG_WARN_UNREACHABLE_CODE = YES;
				CLANG_WARN__DUPLICATE_METHOD_MATCH = YES;
				COPY_PHASE_STRIP = NO;
				DEBUG_INFORMATION_FORMAT = "dwarf-with-dsym";
				ENABLE_NS_ASSERTIONS = NO;
				ENABLE_STRICT_OBJC_MSGSEND = YES;
				ENABLE_USER_SCRIPT_SANDBOXING = YES;
				GCC_C_LANGUAGE_STANDARD = gnu17;
				GCC_NO_COMMON_BLOCKS = YES;
				GCC_WARN_64_TO_32_BIT_CONVERSION = YES;
				GCC_WARN_ABOUT_RETURN_TYPE = YES_ERROR;
				GCC_WARN_UNDECLARED_SELECTOR = YES;
				GCC_WARN_UNINITIALIZED_AUTOS = YES_AGGRESSIVE;
				GCC_WARN_UNUSED_FUNCTION = YES;
				GCC_WARN_UNUSED_VARIABLE = YES;
				IPHONEOS_DEPLOYMENT_TARGET = 18.0;
				LOCALIZATION_PREFERS_STRING_CATALOGS = YES;
				MTL_ENABLE_DEBUG_INFO = NO;
				MTL_FAST_MATH = YES;
				SDKROOT = iphoneos;
				SWIFT_COMPILATION_MODE = wholemodule;
				VALIDATE_PRODUCT = YES;
			};
			name = Release;
		};
		E2EB16512D1421AD00FD4F17 /* Debug */ = {
			isa = XCBuildConfiguration;
			buildSettings = {
				ASSETCATALOG_COMPILER_APPICON_NAME = AppIcon;
				ASSETCATALOG_COMPILER_GLOBAL_ACCENT_COLOR_NAME = AccentColor;
				CODE_SIGN_STYLE = Automatic;
				CURRENT_PROJECT_VERSION = 1;
				DEVELOPMENT_ASSET_PATHS = "\"Waiter/Preview Content\"";
				ENABLE_PREVIEWS = YES;
				GENERATE_INFOPLIST_FILE = YES;
				INFOPLIST_FILE = Waiter/Support/Info.plist;
				INFOPLIST_KEY_UIApplicationSceneManifest_Generation = YES;
				INFOPLIST_KEY_UIApplicationSupportsIndirectInputEvents = YES;
				INFOPLIST_KEY_UILaunchScreen_Generation = YES;
				INFOPLIST_KEY_UISupportedInterfaceOrientations_iPad = "UIInterfaceOrientationPortrait UIInterfaceOrientationPortraitUpsideDown UIInterfaceOrientationLandscapeLeft UIInterfaceOrientationLandscapeRight";
				INFOPLIST_KEY_UISupportedInterfaceOrientations_iPhone = "UIInterfaceOrientationPortrait UIInterfaceOrientationLandscapeLeft UIInterfaceOrientationLandscapeRight";
				LD_RUNPATH_SEARCH_PATHS = (
					"$(inherited)",
					"@executable_path/Frameworks",
				);
				MARKETING_VERSION = 1.0;
				PRODUCT_BUNDLE_IDENTIFIER = com.example.Waiter;
				PRODUCT_NAME = "$(TARGET_NAME)";
				SWIFT_EMIT_LOC_STRINGS = YES;
				SWIFT_VERSION = 5.0;
				TARGETED_DEVICE_FAMILY = "1,2";
			};
			name = Debug;
		};
		E2EB16522D1421AD00FD4F17 /* Release */ = {
			isa = XCBuildConfiguration;
			buildSettings = {
				ASSETCATALOG_COMPILER_APPICON_NAME = AppIcon;
				ASSETCATALOG_COMPILER_GLOBAL_ACCENT_COLOR_NAME = AccentColor;
				CODE_SIGN_STYLE = Automatic;
				CURRENT_PROJECT_VERSION = 1;
				DEVELOPMENT_ASSET_PATHS = "\"Waiter/Preview Content\"";
				ENABLE_PREVIEWS = YES;
				GENERATE_INFOPLIST_FILE = YES;
				INFOPLIST_FILE = Waiter/Support/Info.plist;
				INFOPLIST_KEY_UIApplicationSceneManifest_Generation = YES;
				INFOPLIST_KEY_UIApplicationSupportsIndirectInputEvents = YES;
				INFOPLIST_KEY_UILaunchScreen_Generation = YES;
				INFOPLIST_KEY_UISupportedInterfaceOrientations_iPad = "UIInterfaceOrientationPortrait UIInterfaceOrientationPortraitUpsideDown UIInterfaceOrientationLandscapeLeft UIInterfaceOrientationLandscapeRight";
				INFOPLIST_KEY_UISupportedInterfaceOrientations_iPhone = "UIInterfaceOrientationPortrait UIInterfaceOrientationLandscapeLeft UIInterfaceOrientationLandscapeRight";
				LD_RUNPATH_SEARCH_PATHS = (
					"$(inherited)",
					"@executable_path/Frameworks",
				);
				MARKETING_VERSION = 1.0;
				PRODUCT_BUNDLE_IDENTIFIER = com.example.Waiter;
				PRODUCT_NAME = "$(TARGET_NAME)";
				SWIFT_EMIT_LOC_STRINGS = YES;
				SWIFT_VERSION = 5.0;
				TARGETED_DEVICE_FAMILY = "1,2";
			};
			name = Release;
		};
/* End XCBuildConfiguration section */

/* Begin XCConfigurationList section */
		E2EB163D2D1421AC00FD4F17 /* Build configuration list for PBXProject "Waiter" */ = {
			isa = XCConfigurationList;
			buildConfigurations = (
				E2EB164E2D1421AD00FD4F17 /* Debug */,
				E2EB164F2D1421AD00FD4F17 /* Release */,
			);
			defaultConfigurationIsVisible = 0;
			defaultConfigurationName = Release;
		};
		E2EB16502D1421AD00FD4F17 /* Build configuration list for PBXNativeTarget "Waiter" */ = {
			isa = XCConfigurationList;
			buildConfigurations = (
				E2EB16512D1421AD00FD4F17 /* Debug */,
				E2EB16522D1421AD00FD4F17 /* Release */,
			);
			defaultConfigurationIsVisible = 0;
			defaultConfigurationName = Release;
		};
/* End XCConfigurationList section */

/* Begin XCRemoteSwiftPackageReference section */
		523F018F2D81C2F80011A846 /* XCRemoteSwiftPackageReference "firebase-ios-sdk" */ = {
			isa = XCRemoteSwiftPackageReference;
			repositoryURL = "https://github.com/firebase/firebase-ios-sdk";
			requirement = {
				kind = exactVersion;
				version = 11.3.0;
			};
		};
/* End XCRemoteSwiftPackageReference section */

/* Begin XCSwiftPackageProductDependency section */
		523F01912D81C45B0011A846 /* FirebaseCore */ = {
			isa = XCSwiftPackageProductDependency;
			package = 523F018F2D81C2F80011A846 /* XCRemoteSwiftPackageReference "firebase-ios-sdk" */;
			productName = FirebaseCore;
		};
		52CDEAB72D84676B00FD7BDD /* FirebaseAuth */ = {
			isa = XCSwiftPackageProductDependency;
			package = 523F018F2D81C2F80011A846 /* XCRemoteSwiftPackageReference "firebase-ios-sdk" */;
			productName = FirebaseAuth;
		};
		52CDEABB2D846A6500FD7BDD /* FirebaseFirestore */ = {
			isa = XCSwiftPackageProductDependency;
			package = 523F018F2D81C2F80011A846 /* XCRemoteSwiftPackageReference "firebase-ios-sdk" */;
			productName = FirebaseFirestore;
		};
/* End XCSwiftPackageProductDependency section */
	};
	rootObject = E2EB163A2D1421AC00FD4F17 /* Project object */;
}
